// !$*UTF8*$!
{
	archiveVersion = 1;
	classes = {
	};
	objectVersion = 55;
	objects = {

/* Begin PBXBuildFile section */
		4B12620D28A379CD004BF95E /* MainViewController.swift in Sources */ = {isa = PBXBuildFile; fileRef = 4B12620C28A379CD004BF95E /* MainViewController.swift */; };
		4B12621328A37A77004BF95E /* Brain.swift in Sources */ = {isa = PBXBuildFile; fileRef = 4B12621228A37A77004BF95E /* Brain.swift */; };
		4B12621528A37A8A004BF95E /* SuccessData.swift in Sources */ = {isa = PBXBuildFile; fileRef = 4B12621428A37A8A004BF95E /* SuccessData.swift */; };
		4B12621728A37A9D004BF95E /* ConstantValue.swift in Sources */ = {isa = PBXBuildFile; fileRef = 4B12621628A37A9D004BF95E /* ConstantValue.swift */; };
		4B941EE228A371ED0023FE83 /* AppDelegate.swift in Sources */ = {isa = PBXBuildFile; fileRef = 4B941EE128A371ED0023FE83 /* AppDelegate.swift */; };
		4B941EE428A371ED0023FE83 /* SceneDelegate.swift in Sources */ = {isa = PBXBuildFile; fileRef = 4B941EE328A371ED0023FE83 /* SceneDelegate.swift */; };
		4B941EE628A371ED0023FE83 /* ViewController.swift in Sources */ = {isa = PBXBuildFile; fileRef = 4B941EE528A371ED0023FE83 /* ViewController.swift */; };
		4B941EE928A371ED0023FE83 /* Main.storyboard in Resources */ = {isa = PBXBuildFile; fileRef = 4B941EE728A371ED0023FE83 /* Main.storyboard */; };
		4B941EEB28A371F30023FE83 /* Assets.xcassets in Resources */ = {isa = PBXBuildFile; fileRef = 4B941EEA28A371F30023FE83 /* Assets.xcassets */; };
		4B941EEE28A371F30023FE83 /* LaunchScreen.storyboard in Resources */ = {isa = PBXBuildFile; fileRef = 4B941EEC28A371F30023FE83 /* LaunchScreen.storyboard */; };
/* End PBXBuildFile section */

/* Begin PBXFileReference section */
		4B12620C28A379CD004BF95E /* MainViewController.swift */ = {isa = PBXFileReference; lastKnownFileType = sourcecode.swift; path = MainViewController.swift; sourceTree = "<group>"; };
		4B12621228A37A77004BF95E /* Brain.swift */ = {isa = PBXFileReference; lastKnownFileType = sourcecode.swift; path = Brain.swift; sourceTree = "<group>"; };
		4B12621428A37A8A004BF95E /* SuccessData.swift */ = {isa = PBXFileReference; lastKnownFileType = sourcecode.swift; path = SuccessData.swift; sourceTree = "<group>"; };
		4B12621628A37A9D004BF95E /* ConstantValue.swift */ = {isa = PBXFileReference; lastKnownFileType = sourcecode.swift; path = ConstantValue.swift; sourceTree = "<group>"; };
		4B941EDE28A371ED0023FE83 /* Cred Assessment.app */ = {isa = PBXFileReference; explicitFileType = wrapper.application; includeInIndex = 0; path = "Cred Assessment.app"; sourceTree = BUILT_PRODUCTS_DIR; };
		4B941EE128A371ED0023FE83 /* AppDelegate.swift */ = {isa = PBXFileReference; lastKnownFileType = sourcecode.swift; path = AppDelegate.swift; sourceTree = "<group>"; };
		4B941EE328A371ED0023FE83 /* SceneDelegate.swift */ = {isa = PBXFileReference; lastKnownFileType = sourcecode.swift; path = SceneDelegate.swift; sourceTree = "<group>"; };
		4B941EE528A371ED0023FE83 /* ViewController.swift */ = {isa = PBXFileReference; lastKnownFileType = sourcecode.swift; path = ViewController.swift; sourceTree = "<group>"; };
		4B941EE828A371ED0023FE83 /* Base */ = {isa = PBXFileReference; lastKnownFileType = file.storyboard; name = Base; path = Base.lproj/Main.storyboard; sourceTree = "<group>"; };
		4B941EEA28A371F30023FE83 /* Assets.xcassets */ = {isa = PBXFileReference; lastKnownFileType = folder.assetcatalog; path = Assets.xcassets; sourceTree = "<group>"; };
		4B941EED28A371F30023FE83 /* Base */ = {isa = PBXFileReference; lastKnownFileType = file.storyboard; name = Base; path = Base.lproj/LaunchScreen.storyboard; sourceTree = "<group>"; };
		4B941EEF28A371F30023FE83 /* Info.plist */ = {isa = PBXFileReference; lastKnownFileType = text.plist.xml; path = Info.plist; sourceTree = "<group>"; };
/* End PBXFileReference section */

/* Begin PBXFrameworksBuildPhase section */
		4B941EDB28A371ED0023FE83 /* Frameworks */ = {
			isa = PBXFrameworksBuildPhase;
			buildActionMask = 2147483647;
			files = (
			);
			runOnlyForDeploymentPostprocessing = 0;
		};
/* End PBXFrameworksBuildPhase section */

/* Begin PBXGroup section */
		4B12621028A37A1E004BF95E /* Views */ = {
			isa = PBXGroup;
			children = (
				4B941EE728A371ED0023FE83 /* Main.storyboard */,
			);
			path = Views;
			sourceTree = "<group>";
		};
		4B12621128A37A27004BF95E /* Contollers */ = {
			isa = PBXGroup;
			children = (
				4B12620C28A379CD004BF95E /* MainViewController.swift */,
				4B941EE528A371ED0023FE83 /* ViewController.swift */,
			);
			path = Contollers;
			sourceTree = "<group>";
		};
		4B12621828A37AA5004BF95E /* Models */ = {
			isa = PBXGroup;
			children = (
				4B12621628A37A9D004BF95E /* ConstantValue.swift */,
				4B12621228A37A77004BF95E /* Brain.swift */,
				4B12621428A37A8A004BF95E /* SuccessData.swift */,
			);
			path = Models;
			sourceTree = "<group>";
		};
		4B941ED528A371ED0023FE83 = {
			isa = PBXGroup;
			children = (
				4B941EE028A371ED0023FE83 /* Cred Assessment */,
				4B941EDF28A371ED0023FE83 /* Products */,
			);
			sourceTree = "<group>";
		};
		4B941EDF28A371ED0023FE83 /* Products */ = {
			isa = PBXGroup;
			children = (
				4B941EDE28A371ED0023FE83 /* Cred Assessment.app */,
			);
			name = Products;
			sourceTree = "<group>";
		};
		4B941EE028A371ED0023FE83 /* Cred Assessment */ = {
			isa = PBXGroup;
			children = (
				4B941EE128A371ED0023FE83 /* AppDelegate.swift */,
				4B941EE328A371ED0023FE83 /* SceneDelegate.swift */,
				4B12621828A37AA5004BF95E /* Models */,
				4B12621028A37A1E004BF95E /* Views */,
				4B12621128A37A27004BF95E /* Contollers */,
				4B941EEA28A371F30023FE83 /* Assets.xcassets */,
				4B941EEC28A371F30023FE83 /* LaunchScreen.storyboard */,
				4B941EEF28A371F30023FE83 /* Info.plist */,
			);
			path = "Cred Assessment";
			sourceTree = "<group>";
		};
/* End PBXGroup section */

/* Begin PBXNativeTarget section */
		4B941EDD28A371ED0023FE83 /* Cred Assessment */ = {
			isa = PBXNativeTarget;
			buildConfigurationList = 4B941EF228A371F30023FE83 /* Build configuration list for PBXNativeTarget "Cred Assessment" */;
			buildPhases = (
				4B941EDA28A371ED0023FE83 /* Sources */,
				4B941EDB28A371ED0023FE83 /* Frameworks */,
				4B941EDC28A371ED0023FE83 /* Resources */,
			);
			buildRules = (
			);
			dependencies = (
			);
			name = "Cred Assessment";
			productName = "Cred Assessment";
			productReference = 4B941EDE28A371ED0023FE83 /* Cred Assessment.app */;
			productType = "com.apple.product-type.application";
		};
/* End PBXNativeTarget section */

/* Begin PBXProject section */
		4B941ED628A371ED0023FE83 /* Project object */ = {
			isa = PBXProject;
			attributes = {
				BuildIndependentTargetsInParallel = 1;
				LastSwiftUpdateCheck = 1340;
				LastUpgradeCheck = 1340;
				TargetAttributes = {
					4B941EDD28A371ED0023FE83 = {
						CreatedOnToolsVersion = 13.4.1;
					};
				};
			};
			buildConfigurationList = 4B941ED928A371ED0023FE83 /* Build configuration list for PBXProject "Cred Assessment" */;
			compatibilityVersion = "Xcode 13.0";
			developmentRegion = en;
			hasScannedForEncodings = 0;
			knownRegions = (
				en,
				Base,
			);
			mainGroup = 4B941ED528A371ED0023FE83;
			productRefGroup = 4B941EDF28A371ED0023FE83 /* Products */;
			projectDirPath = "";
			projectRoot = "";
			targets = (
				4B941EDD28A371ED0023FE83 /* Cred Assessment */,
			);
		};
/* End PBXProject section */

/* Begin PBXResourcesBuildPhase section */
		4B941EDC28A371ED0023FE83 /* Resources */ = {
			isa = PBXResourcesBuildPhase;
			buildActionMask = 2147483647;
			files = (
				4B941EEE28A371F30023FE83 /* LaunchScreen.storyboard in Resources */,
				4B941EEB28A371F30023FE83 /* Assets.xcassets in Resources */,
				4B941EE928A371ED0023FE83 /* Main.storyboard in Resources */,
			);
			runOnlyForDeploymentPostprocessing = 0;
		};
/* End PBXResourcesBuildPhase section */

/* Begin PBXSourcesBuildPhase section */
		4B941EDA28A371ED0023FE83 /* Sources */ = {
			isa = PBXSourcesBuildPhase;
			buildActionMask = 2147483647;
			files = (
				4B941EE628A371ED0023FE83 /* ViewController.swift in Sources */,
				4B12621528A37A8A004BF95E /* SuccessData.swift in Sources */,
				4B941EE228A371ED0023FE83 /* AppDelegate.swift in Sources */,
				4B12621728A37A9D004BF95E /* ConstantValue.swift in Sources */,
				4B941EE428A371ED0023FE83 /* SceneDelegate.swift in Sources */,
				4B12621328A37A77004BF95E /* Brain.swift in Sources */,
				4B12620D28A379CD004BF95E /* MainViewController.swift in Sources */,
			);
			runOnlyForDeploymentPostprocessing = 0;
		};
/* End PBXSourcesBuildPhase section */

/* Begin PBXVariantGroup section */
		4B941EE728A371ED0023FE83 /* Main.storyboard */ = {
			isa = PBXVariantGroup;
			children = (
				4B941EE828A371ED0023FE83 /* Base */,
			);
			name = Main.storyboard;
			sourceTree = "<group>";
		};
		4B941EEC28A371F30023FE83 /* LaunchScreen.storyboard */ = {
			isa = PBXVariantGroup;
			children = (
				4B941EED28A371F30023FE83 /* Base */,
			);
			name = LaunchScreen.storyboard;
			sourceTree = "<group>";
		};
/* End PBXVariantGroup section */

/* Begin XCBuildConfiguration section */
		4B941EF028A371F30023FE83 /* Debug */ = {
			isa = XCBuildConfiguration;
			buildSettings = {
				ALWAYS_SEARCH_USER_PATHS = NO;
				CLANG_ANALYZER_NONNULL = YES;
				CLANG_ANALYZER_NUMBER_OBJECT_CONVERSION = YES_AGGRESSIVE;
				CLANG_CXX_LANGUAGE_STANDARD = "gnu++17";
				CLANG_ENABLE_MODULES = YES;
				CLANG_ENABLE_OBJC_ARC = YES;
				CLANG_ENABLE_OBJC_WEAK = YES;
				CLANG_WARN_BLOCK_CAPTURE_AUTORELEASING = YES;
				CLANG_WARN_BOOL_CONVERSION = YES;
				CLANG_WARN_COMMA = YES;
				CLANG_WARN_CONSTANT_CONVERSION = YES;
				CLANG_WARN_DEPRECATED_OBJC_IMPLEMENTATIONS = YES;
				CLANG_WARN_DIRECT_OBJC_ISA_USAGE = YES_ERROR;
				CLANG_WARN_DOCUMENTATION_COMMENTS = YES;
				CLANG_WARN_EMPTY_BODY = YES;
				CLANG_WARN_ENUM_CONVERSION = YES;
				CLANG_WARN_INFINITE_RECURSION = YES;
				CLANG_WARN_INT_CONVERSION = YES;
				CLANG_WARN_NON_LITERAL_NULL_CONVERSION = YES;
				CLANG_WARN_OBJC_IMPLICIT_RETAIN_SELF = YES;
				CLANG_WARN_OBJC_LITERAL_CONVERSION = YES;
				CLANG_WARN_OBJC_ROOT_CLASS = YES_ERROR;
				CLANG_WARN_QUOTED_INCLUDE_IN_FRAMEWORK_HEADER = YES;
				CLANG_WARN_RANGE_LOOP_ANALYSIS = YES;
				CLANG_WARN_STRICT_PROTOTYPES = YES;
				CLANG_WARN_SUSPICIOUS_MOVE = YES;
				CLANG_WARN_UNGUARDED_AVAILABILITY = YES_AGGRESSIVE;
				CLANG_WARN_UNREACHABLE_CODE = YES;
				CLANG_WARN__DUPLICATE_METHOD_MATCH = YES;
				COPY_PHASE_STRIP = NO;
				DEBUG_INFORMATION_FORMAT = dwarf;
				ENABLE_STRICT_OBJC_MSGSEND = YES;
				ENABLE_TESTABILITY = YES;
				GCC_C_LANGUAGE_STANDARD = gnu11;
				GCC_DYNAMIC_NO_PIC = NO;
				GCC_NO_COMMON_BLOCKS = YES;
				GCC_OPTIMIZATION_LEVEL = 0;
				GCC_PREPROCESSOR_DEFINITIONS = (
					"DEBUG=1",
					"$(inherited)",
				);
				GCC_WARN_64_TO_32_BIT_CONVERSION = YES;
				GCC_WARN_ABOUT_RETURN_TYPE = YES_ERROR;
				GCC_WARN_UNDECLARED_SELECTOR = YES;
				GCC_WARN_UNINITIALIZED_AUTOS = YES_AGGRESSIVE;
				GCC_WARN_UNUSED_FUNCTION = YES;
				GCC_WARN_UNUSED_VARIABLE = YES;
				IPHONEOS_DEPLOYMENT_TARGET = 15.5;
				MTL_ENABLE_DEBUG_INFO = INCLUDE_SOURCE;
				MTL_FAST_MATH = YES;
				ONLY_ACTIVE_ARCH = YES;
				SDKROOT = iphoneos;
				SWIFT_ACTIVE_COMPILATION_CONDITIONS = DEBUG;
				SWIFT_OPTIMIZATION_LEVEL = "-Onone";
			};
			name = Debug;
		};
		4B941EF128A371F30023FE83 /* Release */ = {
			isa = XCBuildConfiguration;
			buildSettings = {
				ALWAYS_SEARCH_USER_PATHS = NO;
				CLANG_ANALYZER_NONNULL = YES;
				CLANG_ANALYZER_NUMBER_OBJECT_CONVERSION = YES_AGGRESSIVE;
				CLANG_CXX_LANGUAGE_STANDARD = "gnu++17";
				CLANG_ENABLE_MODULES = YES;
				CLANG_ENABLE_OBJC_ARC = YES;
				CLANG_ENABLE_OBJC_WEAK = YES;
				CLANG_WARN_BLOCK_CAPTURE_AUTORELEASING = YES;
				CLANG_WARN_BOOL_CONVERSION = YES;
				CLANG_WARN_COMMA = YES;
				CLANG_WARN_CONSTANT_CONVERSION = YES;
				CLANG_WARN_DEPRECATED_OBJC_IMPLEMENTATIONS = YES;
				CLANG_WARN_DIRECT_OBJC_ISA_USAGE = YES_ERROR;
				CLANG_WARN_DOCUMENTATION_COMMENTS = YES;
				CLANG_WARN_EMPTY_BODY = YES;
				CLANG_WARN_ENUM_CONVERSION = YES;
				CLANG_WARN_INFINITE_RECURSION = YES;
				CLANG_WARN_INT_CONVERSION = YES;
				CLANG_WARN_NON_LITERAL_NULL_CONVERSION = YES;
				CLANG_WARN_OBJC_IMPLICIT_RETAIN_SELF = YES;
				CLANG_WARN_OBJC_LITERAL_CONVERSION = YES;
				CLANG_WARN_OBJC_ROOT_CLASS = YES_ERROR;
				CLANG_WARN_QUOTED_INCLUDE_IN_FRAMEWORK_HEADER = YES;
				CLANG_WARN_RANGE_LOOP_ANALYSIS = YES;
				CLANG_WARN_STRICT_PROTOTYPES = YES;
				CLANG_WARN_SUSPICIOUS_MOVE = YES;
				CLANG_WARN_UNGUARDED_AVAILABILITY = YES_AGGRESSIVE;
				CLANG_WARN_UNREACHABLE_CODE = YES;
				CLANG_WARN__DUPLICATE_METHOD_MATCH = YES;
				COPY_PHASE_STRIP = NO;
				DEBUG_INFORMATION_FORMAT = "dwarf-with-dsym";
				ENABLE_NS_ASSERTIONS = NO;
				ENABLE_STRICT_OBJC_MSGSEND = YES;
				GCC_C_LANGUAGE_STANDARD = gnu11;
				GCC_NO_COMMON_BLOCKS = YES;
				GCC_WARN_64_TO_32_BIT_CONVERSION = YES;
				GCC_WARN_ABOUT_RETURN_TYPE = YES_ERROR;
				GCC_WARN_UNDECLARED_SELECTOR = YES;
				GCC_WARN_UNINITIALIZED_AUTOS = YES_AGGRESSIVE;
				GCC_WARN_UNUSED_FUNCTION = YES;
				GCC_WARN_UNUSED_VARIABLE = YES;
				IPHONEOS_DEPLOYMENT_TARGET = 15.5;
				MTL_ENABLE_DEBUG_INFO = NO;
				MTL_FAST_MATH = YES;
				SDKROOT = iphoneos;
				SWIFT_COMPILATION_MODE = wholemodule;
				SWIFT_OPTIMIZATION_LEVEL = "-O";
				VALIDATE_PRODUCT = YES;
			};
			name = Release;
		};
		4B941EF328A371F30023FE83 /* Debug */ = {
			isa = XCBuildConfiguration;
			buildSettings = {
				ASSETCATALOG_COMPILER_APPICON_NAME = AppIcon;
				ASSETCATALOG_COMPILER_GLOBAL_ACCENT_COLOR_NAME = AccentColor;
				CODE_SIGN_STYLE = Automatic;
				CURRENT_PROJECT_VERSION = 1;
				DEVELOPMENT_TEAM = 8W3CP283X5;
				GENERATE_INFOPLIST_FILE = YES;
				INFOPLIST_FILE = "Cred Assessment/Info.plist";
				INFOPLIST_KEY_UIApplicationSupportsIndirectInputEvents = YES;
				INFOPLIST_KEY_UILaunchStoryboardName = LaunchScreen;
				INFOPLIST_KEY_UIMainStoryboardFile = Main;
				INFOPLIST_KEY_UISupportedInterfaceOrientations_iPad = "UIInterfaceOrientationPortrait UIInterfaceOrientationPortraitUpsideDown UIInterfaceOrientationLandscapeLeft UIInterfaceOrientationLandscapeRight";
				INFOPLIST_KEY_UISupportedInterfaceOrientations_iPhone = "UIInterfaceOrientationPortrait UIInterfaceOrientationLandscapeLeft UIInterfaceOrientationLandscapeRight";
				LD_RUNPATH_SEARCH_PATHS = (
					"$(inherited)",
					"@executable_path/Frameworks",
				);
				MARKETING_VERSION = 1.0;
				PRODUCT_BUNDLE_IDENTIFIER = "RohanDalmotra.Cred-Assessment";
				PRODUCT_NAME = "$(TARGET_NAME)";
				SWIFT_EMIT_LOC_STRINGS = YES;
				SWIFT_VERSION = 5.0;
				TARGETED_DEVICE_FAMILY = "1,2";
			};
			name = Debug;
		};
		4B941EF428A371F30023FE83 /* Release */ = {
			isa = XCBuildConfiguration;
			buildSettings = {
				ASSETCATALOG_COMPILER_APPICON_NAME = AppIcon;
				ASSETCATALOG_COMPILER_GLOBAL_ACCENT_COLOR_NAME = AccentColor;
				CODE_SIGN_STYLE = Automatic;
				CURRENT_PROJECT_VERSION = 1;
				DEVELOPMENT_TEAM = 8W3CP283X5;
				GENERATE_INFOPLIST_FILE = YES;
				INFOPLIST_FILE = "Cred Assessment/Info.plist";
				INFOPLIST_KEY_UIApplicationSupportsIndirectInputEvents = YES;
				INFOPLIST_KEY_UILaunchStoryboardName = LaunchScreen;
				INFOPLIST_KEY_UIMainStoryboardFile = Main;
				INFOPLIST_KEY_UISupportedInterfaceOrientations_iPad = "UIInterfaceOrientationPortrait UIInterfaceOrientationPortraitUpsideDown UIInterfaceOrientationLandscapeLeft UIInterfaceOrientationLandscapeRight";
				INFOPLIST_KEY_UISupportedInterfaceOrientations_iPhone = "UIInterfaceOrientationPortrait UIInterfaceOrientationLandscapeLeft UIInterfaceOrientationLandscapeRight";
				LD_RUNPATH_SEARCH_PATHS = (
					"$(inherited)",
					"@executable_path/Frameworks",
				);
				MARKETING_VERSION = 1.0;
				PRODUCT_BUNDLE_IDENTIFIER = "RohanDalmotra.Cred-Assessment";
				PRODUCT_NAME = "$(TARGET_NAME)";
				SWIFT_EMIT_LOC_STRINGS = YES;
				SWIFT_VERSION = 5.0;
				TARGETED_DEVICE_FAMILY = "1,2";
			};
			name = Release;
		};
/* End XCBuildConfiguration section */

/* Begin XCConfigurationList section */
		4B941ED928A371ED0023FE83 /* Build configuration list for PBXProject "Cred Assessment" */ = {
			isa = XCConfigurationList;
			buildConfigurations = (
				4B941EF028A371F30023FE83 /* Debug */,
				4B941EF128A371F30023FE83 /* Release */,
			);
			defaultConfigurationIsVisible = 0;
			defaultConfigurationName = Release;
		};
		4B941EF228A371F30023FE83 /* Build configuration list for PBXNativeTarget "Cred Assessment" */ = {
			isa = XCConfigurationList;
			buildConfigurations = (
				4B941EF328A371F30023FE83 /* Debug */,
				4B941EF428A371F30023FE83 /* Release */,
			);
			defaultConfigurationIsVisible = 0;
			defaultConfigurationName = Release;
		};
/* End XCConfigurationList section */
	};
	rootObject = 4B941ED628A371ED0023FE83 /* Project object */;
}
